
Microsoft Visual Studio Solution File, Format Version 12.00
# Visual Studio Version 18
VisualStudioVersion = 18.0.11222.15
MinimumVisualStudioVersion = 10.0.40219.1
Project("{FAE04EC0-301F-11D3-BF4B-00C04F79EFBC}") = "WebApplication1", "GitLabDeploy\WebApplication1.csproj", "{44285E0E-6011-4A21-B68F-06B0E10CBD84}"
EndProject
Global
	GlobalSection(SolutionConfigurationPlatforms) = preSolution
		Debug|Any CPU = Debug|Any CPU
		Release|Any CPU = Release|Any CPU
	EndGlobalSection
	GlobalSection(ProjectConfigurationPlatforms) = postSolution
		{44285E0E-6011-4A21-B68F-06B0E10CBD84}.Debug|Any CPU.ActiveCfg = Debug|Any CPU
		{44285E0E-6011-4A21-B68F-06B0E10CBD84}.Debug|Any CPU.Build.0 = Debug|Any CPU
		{44285E0E-6011-4A21-B68F-06B0E10CBD84}.Release|Any CPU.ActiveCfg = Release|Any CPU
		{44285E0E-6011-4A21-B68F-06B0E10CBD84}.Release|Any CPU.Build.0 = Release|Any CPU
	EndGlobalSection
	GlobalSection(SolutionProperties) = preSolution
		HideSolutionNode = FALSE
	EndGlobalSection
EndGlobal
